
Microsoft Visual Studio Solution File, Format Version 12.00
# Visual Studio Version 16
VisualStudioVersion = 16.0.30503.244
MinimumVisualStudioVersion = 10.0.40219.1
Project("{9A19103F-16F7-4668-BE54-9A1E7A4F7556}") = "CoreWithLanguage", "CoreWithLanguage\CoreWithLanguage.csproj", "{88BD8A90-3F3D-459D-9656-05BE160EA016}"
EndProject
Global
	GlobalSection(SolutionConfigurationPlatforms) = preSolution
		Debug|Any CPU = Debug|Any CPU
		Release|Any CPU = Release|Any CPU
	EndGlobalSection
	GlobalSection(ProjectConfigurationPlatforms) = postSolution
		{88BD8A90-3F3D-459D-9656-05BE160EA016}.Debug|Any CPU.ActiveCfg = Debug|Any CPU
		{88BD8A90-3F3D-459D-9656-05BE160EA016}.Debug|Any CPU.Build.0 = Debug|Any CPU
		{88BD8A90-3F3D-459D-9656-05BE160EA016}.Release|Any CPU.ActiveCfg = Release|Any CPU
		{88BD8A90-3F3D-459D-9656-05BE160EA016}.Release|Any CPU.Build.0 = Release|Any CPU
	EndGlobalSection
	GlobalSection(SolutionProperties) = preSolution
		HideSolutionNode = FALSE
	EndGlobalSection
	GlobalSection(ExtensibilityGlobals) = postSolution
		SolutionGuid = {D87DB5D4-A806-44BE-8E5B-13FFE71B0D56}
	EndGlobalSection
EndGlobal
